
Microsoft Visual Studio Solution File, Format Version 12.00
# Visual Studio Version 17
VisualStudioVersion = 17.5.002.0
MinimumVisualStudioVersion = 10.0.40219.1
Project("{9A19103F-16F7-4668-BE54-9A1E7A4F7556}") = "Parking_Lot", "Parking_Lot.csproj", "{5FB91ED5-99A2-4290-AE22-C15FA505F039}"
EndProject
Project("{FAE04EC0-301F-11D3-BF4B-00C04F79EFBC}") = "BlazorApp1", "..\DotNet\BlazorApp1\BlazorApp1.csproj", "{C83FE4C4-7487-466A-9BC7-150907D81A2E}"
EndProject
Global
	GlobalSection(SolutionConfigurationPlatforms) = preSolution
		Debug|Any CPU = Debug|Any CPU
		Release|Any CPU = Release|Any CPU
	EndGlobalSection
	GlobalSection(ProjectConfigurationPlatforms) = postSolution
		{5FB91ED5-99A2-4290-AE22-C15FA505F039}.Debug|Any CPU.ActiveCfg = Debug|Any CPU
		{5FB91ED5-99A2-4290-AE22-C15FA505F039}.Debug|Any CPU.Build.0 = Debug|Any CPU
		{5FB91ED5-99A2-4290-AE22-C15FA505F039}.Release|Any CPU.ActiveCfg = Release|Any CPU
		{5FB91ED5-99A2-4290-AE22-C15FA505F039}.Release|Any CPU.Build.0 = Release|Any CPU
		{C83FE4C4-7487-466A-9BC7-150907D81A2E}.Debug|Any CPU.ActiveCfg = Debug|Any CPU
		{C83FE4C4-7487-466A-9BC7-150907D81A2E}.Debug|Any CPU.Build.0 = Debug|Any CPU
		{C83FE4C4-7487-466A-9BC7-150907D81A2E}.Release|Any CPU.ActiveCfg = Release|Any CPU
		{C83FE4C4-7487-466A-9BC7-150907D81A2E}.Release|Any CPU.Build.0 = Release|Any CPU
	EndGlobalSection
	GlobalSection(SolutionProperties) = preSolution
		HideSolutionNode = FALSE
	EndGlobalSection
	GlobalSection(ExtensibilityGlobals) = postSolution
		SolutionGuid = {3328FB98-F2A4-4A11-898A-B26825A3523E}
	EndGlobalSection
EndGlobal
